// !$*UTF8*$!
{
	archiveVersion = 1;
	classes = {
	};
	objectVersion = 55;
	objects = {

/* Begin PBXBuildFile section */
		4F432437282D3E0A0010920A /* AppDelegate.swift in Sources */ = {isa = PBXBuildFile; fileRef = 4F432436282D3E0A0010920A /* AppDelegate.swift */; };
		4F432439282D3E0A0010920A /* SceneDelegate.swift in Sources */ = {isa = PBXBuildFile; fileRef = 4F432438282D3E0A0010920A /* SceneDelegate.swift */; };
		4F43243B282D3E0A0010920A /* ViewController.swift in Sources */ = {isa = PBXBuildFile; fileRef = 4F43243A282D3E0A0010920A /* ViewController.swift */; };
		4F43243E282D3E0A0010920A /* Main.storyboard in Resources */ = {isa = PBXBuildFile; fileRef = 4F43243C282D3E0A0010920A /* Main.storyboard */; };
		4F432441282D3E0A0010920A /* ToDoORN.xcdatamodeld in Sources */ = {isa = PBXBuildFile; fileRef = 4F43243F282D3E0A0010920A /* ToDoORN.xcdatamodeld */; };
		4F432443282D3E0C0010920A /* Assets.xcassets in Resources */ = {isa = PBXBuildFile; fileRef = 4F432442282D3E0C0010920A /* Assets.xcassets */; };
		4F432446282D3E0C0010920A /* LaunchScreen.storyboard in Resources */ = {isa = PBXBuildFile; fileRef = 4F432444282D3E0C0010920A /* LaunchScreen.storyboard */; };
/* End PBXBuildFile section */

/* Begin PBXFileReference section */
		4F432433282D3E0A0010920A /* ToDoORN.app */ = {isa = PBXFileReference; explicitFileType = wrapper.application; includeInIndex = 0; path = ToDoORN.app; sourceTree = BUILT_PRODUCTS_DIR; };
		4F432436282D3E0A0010920A /* AppDelegate.swift */ = {isa = PBXFileReference; lastKnownFileType = sourcecode.swift; path = AppDelegate.swift; sourceTree = "<group>"; };
		4F432438282D3E0A0010920A /* SceneDelegate.swift */ = {isa = PBXFileReference; lastKnownFileType = sourcecode.swift; path = SceneDelegate.swift; sourceTree = "<group>"; };
		4F43243A282D3E0A0010920A /* ViewController.swift */ = {isa = PBXFileReference; lastKnownFileType = sourcecode.swift; path = ViewController.swift; sourceTree = "<group>"; };
		4F43243D282D3E0A0010920A /* Base */ = {isa = PBXFileReference; lastKnownFileType = file.storyboard; name = Base; path = Base.lproj/Main.storyboard; sourceTree = "<group>"; };
		4F432440282D3E0A0010920A /* ToDoORN.xcdatamodel */ = {isa = PBXFileReference; lastKnownFileType = wrapper.xcdatamodel; path = ToDoORN.xcdatamodel; sourceTree = "<group>"; };
		4F432442282D3E0C0010920A /* Assets.xcassets */ = {isa = PBXFileReference; lastKnownFileType = folder.assetcatalog; path = Assets.xcassets; sourceTree = "<group>"; };
		4F432445282D3E0C0010920A /* Base */ = {isa = PBXFileReference; lastKnownFileType = file.storyboard; name = Base; path = Base.lproj/LaunchScreen.storyboard; sourceTree = "<group>"; };
		4F432447282D3E0C0010920A /* Info.plist */ = {isa = PBXFileReference; lastKnownFileType = text.plist.xml; path = Info.plist; sourceTree = "<group>"; };
/* End PBXFileReference section */

/* Begin PBXFrameworksBuildPhase section */
		4F432430282D3E0A0010920A /* Frameworks */ = {
			isa = PBXFrameworksBuildPhase;
			buildActionMask = 2147483647;
			files = (
			);
			runOnlyForDeploymentPostprocessing = 0;
		};
/* End PBXFrameworksBuildPhase section */

/* Begin PBXGroup section */
		4F0358E6282D429200436AF6 /* View */ = {
			isa = PBXGroup;
			children = (
				4F43243A282D3E0A0010920A /* ViewController.swift */,
			);
			path = View;
			sourceTree = "<group>";
		};
		4F43242A282D3E0A0010920A = {
			isa = PBXGroup;
			children = (
				4F432435282D3E0A0010920A /* ToDoORN */,
				4F432434282D3E0A0010920A /* Products */,
			);
			sourceTree = "<group>";
		};
		4F432434282D3E0A0010920A /* Products */ = {
			isa = PBXGroup;
			children = (
				4F432433282D3E0A0010920A /* ToDoORN.app */,
			);
			name = Products;
			sourceTree = "<group>";
		};
		4F432435282D3E0A0010920A /* ToDoORN */ = {
			isa = PBXGroup;
			children = (
				4F432436282D3E0A0010920A /* AppDelegate.swift */,
				4F432438282D3E0A0010920A /* SceneDelegate.swift */,
				4F0358E6282D429200436AF6 /* View */,
				4F43243C282D3E0A0010920A /* Main.storyboard */,
				4F432442282D3E0C0010920A /* Assets.xcassets */,
				4F432444282D3E0C0010920A /* LaunchScreen.storyboard */,
				4F432447282D3E0C0010920A /* Info.plist */,
				4F43243F282D3E0A0010920A /* ToDoORN.xcdatamodeld */,
			);
			path = ToDoORN;
			sourceTree = "<group>";
		};
/* End PBXGroup section */

/* Begin PBXNativeTarget section */
		4F432432282D3E0A0010920A /* ToDoORN */ = {
			isa = PBXNativeTarget;
			buildConfigurationList = 4F43244A282D3E0C0010920A /* Build configuration list for PBXNativeTarget "ToDoORN" */;
			buildPhases = (
				4F43242F282D3E0A0010920A /* Sources */,
				4F432430282D3E0A0010920A /* Frameworks */,
				4F432431282D3E0A0010920A /* Resources */,
			);
			buildRules = (
			);
			dependencies = (
			);
			name = ToDoORN;
			productName = ToDoORN;
			productReference = 4F432433282D3E0A0010920A /* ToDoORN.app */;
			productType = "com.apple.product-type.application";
		};
/* End PBXNativeTarget section */

/* Begin PBXProject section */
		4F43242B282D3E0A0010920A /* Project object */ = {
			isa = PBXProject;
			attributes = {
				BuildIndependentTargetsInParallel = 1;
				LastSwiftUpdateCheck = 1330;
				LastUpgradeCheck = 1330;
				TargetAttributes = {
					4F432432282D3E0A0010920A = {
						CreatedOnToolsVersion = 13.3.1;
					};
				};
			};
			buildConfigurationList = 4F43242E282D3E0A0010920A /* Build configuration list for PBXProject "ToDoORN" */;
			compatibilityVersion = "Xcode 13.0";
			developmentRegion = en;
			hasScannedForEncodings = 0;
			knownRegions = (
				en,
				Base,
			);
			mainGroup = 4F43242A282D3E0A0010920A;
			productRefGroup = 4F432434282D3E0A0010920A /* Products */;
			projectDirPath = "";
			projectRoot = "";
			targets = (
				4F432432282D3E0A0010920A /* ToDoORN */,
			);
		};
/* End PBXProject section */

/* Begin PBXResourcesBuildPhase section */
		4F432431282D3E0A0010920A /* Resources */ = {
			isa = PBXResourcesBuildPhase;
			buildActionMask = 2147483647;
			files = (
				4F432446282D3E0C0010920A /* LaunchScreen.storyboard in Resources */,
				4F432443282D3E0C0010920A /* Assets.xcassets in Resources */,
				4F43243E282D3E0A0010920A /* Main.storyboard in Resources */,
			);
			runOnlyForDeploymentPostprocessing = 0;
		};
/* End PBXResourcesBuildPhase section */

/* Begin PBXSourcesBuildPhase section */
		4F43242F282D3E0A0010920A /* Sources */ = {
			isa = PBXSourcesBuildPhase;
			buildActionMask = 2147483647;
			files = (
				4F43243B282D3E0A0010920A /* ViewController.swift in Sources */,
				4F432441282D3E0A0010920A /* ToDoORN.xcdatamodeld in Sources */,
				4F432437282D3E0A0010920A /* AppDelegate.swift in Sources */,
				4F432439282D3E0A0010920A /* SceneDelegate.swift in Sources */,
			);
			runOnlyForDeploymentPostprocessing = 0;
		};
/* End PBXSourcesBuildPhase section */

/* Begin PBXVariantGroup section */
		4F43243C282D3E0A0010920A /* Main.storyboard */ = {
			isa = PBXVariantGroup;
			children = (
				4F43243D282D3E0A0010920A /* Base */,
			);
			name = Main.storyboard;
			sourceTree = "<group>";
		};
		4F432444282D3E0C0010920A /* LaunchScreen.storyboard */ = {
			isa = PBXVariantGroup;
			children = (
				4F432445282D3E0C0010920A /* Base */,
			);
			name = LaunchScreen.storyboard;
			sourceTree = "<group>";
		};
/* End PBXVariantGroup section */

/* Begin XCBuildConfiguration section */
		4F432448282D3E0C0010920A /* Debug */ = {
			isa = XCBuildConfiguration;
			buildSettings = {
				ALWAYS_SEARCH_USER_PATHS = NO;
				CLANG_ANALYZER_NONNULL = YES;
				CLANG_ANALYZER_NUMBER_OBJECT_CONVERSION = YES_AGGRESSIVE;
				CLANG_CXX_LANGUAGE_STANDARD = "gnu++17";
				CLANG_ENABLE_MODULES = YES;
				CLANG_ENABLE_OBJC_ARC = YES;
				CLANG_ENABLE_OBJC_WEAK = YES;
				CLANG_WARN_BLOCK_CAPTURE_AUTORELEASING = YES;
				CLANG_WARN_BOOL_CONVERSION = YES;
				CLANG_WARN_COMMA = YES;
				CLANG_WARN_CONSTANT_CONVERSION = YES;
				CLANG_WARN_DEPRECATED_OBJC_IMPLEMENTATIONS = YES;
				CLANG_WARN_DIRECT_OBJC_ISA_USAGE = YES_ERROR;
				CLANG_WARN_DOCUMENTATION_COMMENTS = YES;
				CLANG_WARN_EMPTY_BODY = YES;
				CLANG_WARN_ENUM_CONVERSION = YES;
				CLANG_WARN_INFINITE_RECURSION = YES;
				CLANG_WARN_INT_CONVERSION = YES;
				CLANG_WARN_NON_LITERAL_NULL_CONVERSION = YES;
				CLANG_WARN_OBJC_IMPLICIT_RETAIN_SELF = YES;
				CLANG_WARN_OBJC_LITERAL_CONVERSION = YES;
				CLANG_WARN_OBJC_ROOT_CLASS = YES_ERROR;
				CLANG_WARN_QUOTED_INCLUDE_IN_FRAMEWORK_HEADER = YES;
				CLANG_WARN_RANGE_LOOP_ANALYSIS = YES;
				CLANG_WARN_STRICT_PROTOTYPES = YES;
				CLANG_WARN_SUSPICIOUS_MOVE = YES;
				CLANG_WARN_UNGUARDED_AVAILABILITY = YES_AGGRESSIVE;
				CLANG_WARN_UNREACHABLE_CODE = YES;
				CLANG_WARN__DUPLICATE_METHOD_MATCH = YES;
				COPY_PHASE_STRIP = NO;
				DEBUG_INFORMATION_FORMAT = dwarf;
				ENABLE_STRICT_OBJC_MSGSEND = YES;
				ENABLE_TESTABILITY = YES;
				GCC_C_LANGUAGE_STANDARD = gnu11;
				GCC_DYNAMIC_NO_PIC = NO;
				GCC_NO_COMMON_BLOCKS = YES;
				GCC_OPTIMIZATION_LEVEL = 0;
				GCC_PREPROCESSOR_DEFINITIONS = (
					"DEBUG=1",
					"$(inherited)",
				);
				GCC_WARN_64_TO_32_BIT_CONVERSION = YES;
				GCC_WARN_ABOUT_RETURN_TYPE = YES_ERROR;
				GCC_WARN_UNDECLARED_SELECTOR = YES;
				GCC_WARN_UNINITIALIZED_AUTOS = YES_AGGRESSIVE;
				GCC_WARN_UNUSED_FUNCTION = YES;
				GCC_WARN_UNUSED_VARIABLE = YES;
				IPHONEOS_DEPLOYMENT_TARGET = 15.4;
				MTL_ENABLE_DEBUG_INFO = INCLUDE_SOURCE;
				MTL_FAST_MATH = YES;
				ONLY_ACTIVE_ARCH = YES;
				SDKROOT = iphoneos;
				SWIFT_ACTIVE_COMPILATION_CONDITIONS = DEBUG;
				SWIFT_OPTIMIZATION_LEVEL = "-Onone";
			};
			name = Debug;
		};
		4F432449282D3E0C0010920A /* Release */ = {
			isa = XCBuildConfiguration;
			buildSettings = {
				ALWAYS_SEARCH_USER_PATHS = NO;
				CLANG_ANALYZER_NONNULL = YES;
				CLANG_ANALYZER_NUMBER_OBJECT_CONVERSION = YES_AGGRESSIVE;
				CLANG_CXX_LANGUAGE_STANDARD = "gnu++17";
				CLANG_ENABLE_MODULES = YES;
				CLANG_ENABLE_OBJC_ARC = YES;
				CLANG_ENABLE_OBJC_WEAK = YES;
				CLANG_WARN_BLOCK_CAPTURE_AUTORELEASING = YES;
				CLANG_WARN_BOOL_CONVERSION = YES;
				CLANG_WARN_COMMA = YES;
				CLANG_WARN_CONSTANT_CONVERSION = YES;
				CLANG_WARN_DEPRECATED_OBJC_IMPLEMENTATIONS = YES;
				CLANG_WARN_DIRECT_OBJC_ISA_USAGE = YES_ERROR;
				CLANG_WARN_DOCUMENTATION_COMMENTS = YES;
				CLANG_WARN_EMPTY_BODY = YES;
				CLANG_WARN_ENUM_CONVERSION = YES;
				CLANG_WARN_INFINITE_RECURSION = YES;
				CLANG_WARN_INT_CONVERSION = YES;
				CLANG_WARN_NON_LITERAL_NULL_CONVERSION = YES;
				CLANG_WARN_OBJC_IMPLICIT_RETAIN_SELF = YES;
				CLANG_WARN_OBJC_LITERAL_CONVERSION = YES;
				CLANG_WARN_OBJC_ROOT_CLASS = YES_ERROR;
				CLANG_WARN_QUOTED_INCLUDE_IN_FRAMEWORK_HEADER = YES;
				CLANG_WARN_RANGE_LOOP_ANALYSIS = YES;
				CLANG_WARN_STRICT_PROTOTYPES = YES;
				CLANG_WARN_SUSPICIOUS_MOVE = YES;
				CLANG_WARN_UNGUARDED_AVAILABILITY = YES_AGGRESSIVE;
				CLANG_WARN_UNREACHABLE_CODE = YES;
				CLANG_WARN__DUPLICATE_METHOD_MATCH = YES;
				COPY_PHASE_STRIP = NO;
				DEBUG_INFORMATION_FORMAT = "dwarf-with-dsym";
				ENABLE_NS_ASSERTIONS = NO;
				ENABLE_STRICT_OBJC_MSGSEND = YES;
				GCC_C_LANGUAGE_STANDARD = gnu11;
				GCC_NO_COMMON_BLOCKS = YES;
				GCC_WARN_64_TO_32_BIT_CONVERSION = YES;
				GCC_WARN_ABOUT_RETURN_TYPE = YES_ERROR;
				GCC_WARN_UNDECLARED_SELECTOR = YES;
				GCC_WARN_UNINITIALIZED_AUTOS = YES_AGGRESSIVE;
				GCC_WARN_UNUSED_FUNCTION = YES;
				GCC_WARN_UNUSED_VARIABLE = YES;
				IPHONEOS_DEPLOYMENT_TARGET = 15.4;
				MTL_ENABLE_DEBUG_INFO = NO;
				MTL_FAST_MATH = YES;
				SDKROOT = iphoneos;
				SWIFT_COMPILATION_MODE = wholemodule;
				SWIFT_OPTIMIZATION_LEVEL = "-O";
				VALIDATE_PRODUCT = YES;
			};
			name = Release;
		};
		4F43244B282D3E0C0010920A /* Debug */ = {
			isa = XCBuildConfiguration;
			buildSettings = {
				ASSETCATALOG_COMPILER_APPICON_NAME = AppIcon;
				ASSETCATALOG_COMPILER_GLOBAL_ACCENT_COLOR_NAME = AccentColor;
				CODE_SIGN_STYLE = Automatic;
				CURRENT_PROJECT_VERSION = 1;
				DEVELOPMENT_TEAM = MG6697FX3H;
				GENERATE_INFOPLIST_FILE = YES;
				INFOPLIST_FILE = ToDoORN/Info.plist;
				INFOPLIST_KEY_UIApplicationSupportsIndirectInputEvents = YES;
				INFOPLIST_KEY_UILaunchStoryboardName = LaunchScreen;
				INFOPLIST_KEY_UIMainStoryboardFile = Main;
				INFOPLIST_KEY_UISupportedInterfaceOrientations_iPad = "UIInterfaceOrientationPortrait UIInterfaceOrientationPortraitUpsideDown UIInterfaceOrientationLandscapeLeft UIInterfaceOrientationLandscapeRight";
				INFOPLIST_KEY_UISupportedInterfaceOrientations_iPhone = "UIInterfaceOrientationPortrait UIInterfaceOrientationLandscapeLeft UIInterfaceOrientationLandscapeRight";
				LD_RUNPATH_SEARCH_PATHS = (
					"$(inherited)",
					"@executable_path/Frameworks",
				);
				MARKETING_VERSION = 1.0;
				PRODUCT_BUNDLE_IDENTIFIER = Sakoa7o73.ToDoORN;
				PRODUCT_NAME = "$(TARGET_NAME)";
				SWIFT_EMIT_LOC_STRINGS = YES;
				SWIFT_VERSION = 5.0;
				TARGETED_DEVICE_FAMILY = "1,2";
			};
			name = Debug;
		};
		4F43244C282D3E0C0010920A /* Release */ = {
			isa = XCBuildConfiguration;
			buildSettings = {
				ASSETCATALOG_COMPILER_APPICON_NAME = AppIcon;
				ASSETCATALOG_COMPILER_GLOBAL_ACCENT_COLOR_NAME = AccentColor;
				CODE_SIGN_STYLE = Automatic;
				CURRENT_PROJECT_VERSION = 1;
				DEVELOPMENT_TEAM = MG6697FX3H;
				GENERATE_INFOPLIST_FILE = YES;
				INFOPLIST_FILE = ToDoORN/Info.plist;
				INFOPLIST_KEY_UIApplicationSupportsIndirectInputEvents = YES;
				INFOPLIST_KEY_UILaunchStoryboardName = LaunchScreen;
				INFOPLIST_KEY_UIMainStoryboardFile = Main;
				INFOPLIST_KEY_UISupportedInterfaceOrientations_iPad = "UIInterfaceOrientationPortrait UIInterfaceOrientationPortraitUpsideDown UIInterfaceOrientationLandscapeLeft UIInterfaceOrientationLandscapeRight";
				INFOPLIST_KEY_UISupportedInterfaceOrientations_iPhone = "UIInterfaceOrientationPortrait UIInterfaceOrientationLandscapeLeft UIInterfaceOrientationLandscapeRight";
				LD_RUNPATH_SEARCH_PATHS = (
					"$(inherited)",
					"@executable_path/Frameworks",
				);
				MARKETING_VERSION = 1.0;
				PRODUCT_BUNDLE_IDENTIFIER = Sakoa7o73.ToDoORN;
				PRODUCT_NAME = "$(TARGET_NAME)";
				SWIFT_EMIT_LOC_STRINGS = YES;
				SWIFT_VERSION = 5.0;
				TARGETED_DEVICE_FAMILY = "1,2";
			};
			name = Release;
		};
/* End XCBuildConfiguration section */

/* Begin XCConfigurationList section */
		4F43242E282D3E0A0010920A /* Build configuration list for PBXProject "ToDoORN" */ = {
			isa = XCConfigurationList;
			buildConfigurations = (
				4F432448282D3E0C0010920A /* Debug */,
				4F432449282D3E0C0010920A /* Release */,
			);
			defaultConfigurationIsVisible = 0;
			defaultConfigurationName = Release;
		};
		4F43244A282D3E0C0010920A /* Build configuration list for PBXNativeTarget "ToDoORN" */ = {
			isa = XCConfigurationList;
			buildConfigurations = (
				4F43244B282D3E0C0010920A /* Debug */,
				4F43244C282D3E0C0010920A /* Release */,
			);
			defaultConfigurationIsVisible = 0;
			defaultConfigurationName = Release;
		};
/* End XCConfigurationList section */

/* Begin XCVersionGroup section */
		4F43243F282D3E0A0010920A /* ToDoORN.xcdatamodeld */ = {
			isa = XCVersionGroup;
			children = (
				4F432440282D3E0A0010920A /* ToDoORN.xcdatamodel */,
			);
			currentVersion = 4F432440282D3E0A0010920A /* ToDoORN.xcdatamodel */;
			path = ToDoORN.xcdatamodeld;
			sourceTree = "<group>";
			versionGroupType = wrapper.xcdatamodel;
		};
/* End XCVersionGroup section */
	};
	rootObject = 4F43242B282D3E0A0010920A /* Project object */;
}
