// !$*UTF8*$!
{
	archiveVersion = 1;
	classes = {
	};
	objectVersion = 55;
	objects = {

/* Begin PBXBuildFile section */
		4F432437282D3E0A0010920A /* AppDelegate.swift in Sources */ = {isa = PBXBuildFile; fileRef = 4F432436282D3E0A0010920A /* AppDelegate.swift */; };
		4F432439282D3E0A0010920A /* SceneDelegate.swift in Sources */ = {isa = PBXBuildFile; fileRef = 4F432438282D3E0A0010920A /* SceneDelegate.swift */; };
		4F43243E282D3E0A0010920A /* Main.storyboard in Resources */ = {isa = PBXBuildFile; fileRef = 4F43243C282D3E0A0010920A /* Main.storyboard */; };
		4F432441282D3E0A0010920A /* ToDoORN.xcdatamodeld in Sources */ = {isa = PBXBuildFile; fileRef = 4F43243F282D3E0A0010920A /* ToDoORN.xcdatamodeld */; };
		4F432443282D3E0C0010920A /* Assets.xcassets in Resources */ = {isa = PBXBuildFile; fileRef = 4F432442282D3E0C0010920A /* Assets.xcassets */; };
		4F432446282D3E0C0010920A /* LaunchScreen.storyboard in Resources */ = {isa = PBXBuildFile; fileRef = 4F432444282D3E0C0010920A /* LaunchScreen.storyboard */; };
		4F47CDDD28310BE1001B4161 /* NewsListViewController.swift in Sources */ = {isa = PBXBuildFile; fileRef = 4F47CDDC28310BE0001B4161 /* NewsListViewController.swift */; };
		4F47CDDF28310BFB001B4161 /* NewsDetailViewController.swift in Sources */ = {isa = PBXBuildFile; fileRef = 4F47CDDE28310BFB001B4161 /* NewsDetailViewController.swift */; };
		4F47CDE128313705001B4161 /* NWModel.swift in Sources */ = {isa = PBXBuildFile; fileRef = 4F47CDE028313705001B4161 /* NWModel.swift */; };
		4F77B9A828377FDD0007A03B /* CalendarExtention.swift in Sources */ = {isa = PBXBuildFile; fileRef = 4F77B9A728377FDD0007A03B /* CalendarExtention.swift */; };
		4F89F933283DE4A700F698C2 /* TodoORNViewController.swift in Sources */ = {isa = PBXBuildFile; fileRef = 4F89F932283DE4A700F698C2 /* TodoORNViewController.swift */; };
		4F89F935283DE56D00F698C2 /* TodoModel.swift in Sources */ = {isa = PBXBuildFile; fileRef = 4F89F934283DE56D00F698C2 /* TodoModel.swift */; };
		4F89F93B283DF8B200F698C2 /* TodoAddViewController.swift in Sources */ = {isa = PBXBuildFile; fileRef = 4F89F93A283DF8B200F698C2 /* TodoAddViewController.swift */; };
		4F89F93D283DFB5300F698C2 /* TodoAddModel.swift in Sources */ = {isa = PBXBuildFile; fileRef = 4F89F93C283DFB5300F698C2 /* TodoAddModel.swift */; };
		4FB4682D283549CB005BE3F1 /* ViewController.swift in Sources */ = {isa = PBXBuildFile; fileRef = 4FB4682C283549CA005BE3F1 /* ViewController.swift */; };
		4FBA2F93282D73EB0060C7EA /* 2.json in Resources */ = {isa = PBXBuildFile; fileRef = 4FBA2F8E282D73E80060C7EA /* 2.json */; };
		4FBA2F94282D73EB0060C7EA /* 4.json in Resources */ = {isa = PBXBuildFile; fileRef = 4FBA2F8F282D73E80060C7EA /* 4.json */; };
		4FBA2F95282D73EB0060C7EA /* 1.json in Resources */ = {isa = PBXBuildFile; fileRef = 4FBA2F90282D73E90060C7EA /* 1.json */; };
		4FBA2F96282D73EB0060C7EA /* 5.json in Resources */ = {isa = PBXBuildFile; fileRef = 4FBA2F91282D73EA0060C7EA /* 5.json */; };
		4FBA2F97282D73EB0060C7EA /* 3.json in Resources */ = {isa = PBXBuildFile; fileRef = 4FBA2F92282D73EB0060C7EA /* 3.json */; };
		4FF0DAEB28329991007A11DF /* WebKit.framework in Frameworks */ = {isa = PBXBuildFile; fileRef = 4FF0DAEA28329991007A11DF /* WebKit.framework */; };
		C27A1EC26BCEF10F0FCA4BFE /* Pods_ToDoORN.framework in Frameworks */ = {isa = PBXBuildFile; fileRef = 280D50BA3E90DD3BBAC5119C /* Pods_ToDoORN.framework */; };
/* End PBXBuildFile section */

/* Begin PBXFileReference section */
		280D50BA3E90DD3BBAC5119C /* Pods_ToDoORN.framework */ = {isa = PBXFileReference; explicitFileType = wrapper.framework; includeInIndex = 0; path = Pods_ToDoORN.framework; sourceTree = BUILT_PRODUCTS_DIR; };
		4F432433282D3E0A0010920A /* ToDoORN.app */ = {isa = PBXFileReference; explicitFileType = wrapper.application; includeInIndex = 0; path = ToDoORN.app; sourceTree = BUILT_PRODUCTS_DIR; };
		4F432436282D3E0A0010920A /* AppDelegate.swift */ = {isa = PBXFileReference; lastKnownFileType = sourcecode.swift; path = AppDelegate.swift; sourceTree = "<group>"; };
		4F432438282D3E0A0010920A /* SceneDelegate.swift */ = {isa = PBXFileReference; lastKnownFileType = sourcecode.swift; path = SceneDelegate.swift; sourceTree = "<group>"; };
		4F43243D282D3E0A0010920A /* Base */ = {isa = PBXFileReference; lastKnownFileType = file.storyboard; name = Base; path = Base.lproj/Main.storyboard; sourceTree = "<group>"; };
		4F432440282D3E0A0010920A /* ToDoORN.xcdatamodel */ = {isa = PBXFileReference; lastKnownFileType = wrapper.xcdatamodel; path = ToDoORN.xcdatamodel; sourceTree = "<group>"; };
		4F432442282D3E0C0010920A /* Assets.xcassets */ = {isa = PBXFileReference; lastKnownFileType = folder.assetcatalog; path = Assets.xcassets; sourceTree = "<group>"; };
		4F432445282D3E0C0010920A /* Base */ = {isa = PBXFileReference; lastKnownFileType = file.storyboard; name = Base; path = Base.lproj/LaunchScreen.storyboard; sourceTree = "<group>"; };
		4F432447282D3E0C0010920A /* Info.plist */ = {isa = PBXFileReference; lastKnownFileType = text.plist.xml; path = Info.plist; sourceTree = "<group>"; };
		4F47CDDC28310BE0001B4161 /* NewsListViewController.swift */ = {isa = PBXFileReference; lastKnownFileType = sourcecode.swift; path = NewsListViewController.swift; sourceTree = "<group>"; };
		4F47CDDE28310BFB001B4161 /* NewsDetailViewController.swift */ = {isa = PBXFileReference; lastKnownFileType = sourcecode.swift; path = NewsDetailViewController.swift; sourceTree = "<group>"; };
		4F47CDE028313705001B4161 /* NWModel.swift */ = {isa = PBXFileReference; lastKnownFileType = sourcecode.swift; path = NWModel.swift; sourceTree = "<group>"; };
		4F77B9A728377FDD0007A03B /* CalendarExtention.swift */ = {isa = PBXFileReference; lastKnownFileType = sourcecode.swift; path = CalendarExtention.swift; sourceTree = "<group>"; };
		4F89F932283DE4A700F698C2 /* TodoORNViewController.swift */ = {isa = PBXFileReference; lastKnownFileType = sourcecode.swift; path = TodoORNViewController.swift; sourceTree = "<group>"; };
		4F89F934283DE56D00F698C2 /* TodoModel.swift */ = {isa = PBXFileReference; lastKnownFileType = sourcecode.swift; path = TodoModel.swift; sourceTree = "<group>"; };
		4F89F93A283DF8B200F698C2 /* TodoAddViewController.swift */ = {isa = PBXFileReference; lastKnownFileType = sourcecode.swift; path = TodoAddViewController.swift; sourceTree = "<group>"; };
		4F89F93C283DFB5300F698C2 /* TodoAddModel.swift */ = {isa = PBXFileReference; lastKnownFileType = sourcecode.swift; path = TodoAddModel.swift; sourceTree = "<group>"; };
		4F89F93E283F0A5D00F698C2 /* ToDoORN.entitlements */ = {isa = PBXFileReference; lastKnownFileType = text.plist.entitlements; path = ToDoORN.entitlements; sourceTree = "<group>"; };
		4F9F77A22844F4EF0064F4D3 /* ja */ = {isa = PBXFileReference; lastKnownFileType = text.plist.strings; name = ja; path = ja.lproj/Main.strings; sourceTree = "<group>"; };
		4F9F77A32844F4EF0064F4D3 /* ja */ = {isa = PBXFileReference; lastKnownFileType = text.plist.strings; name = ja; path = ja.lproj/LaunchScreen.strings; sourceTree = "<group>"; };
		4FB4682C283549CA005BE3F1 /* ViewController.swift */ = {isa = PBXFileReference; lastKnownFileType = sourcecode.swift; path = ViewController.swift; sourceTree = "<group>"; };
		4FBA2F8E282D73E80060C7EA /* 2.json */ = {isa = PBXFileReference; fileEncoding = 4; lastKnownFileType = text.json; path = 2.json; sourceTree = "<group>"; };
		4FBA2F8F282D73E80060C7EA /* 4.json */ = {isa = PBXFileReference; fileEncoding = 4; lastKnownFileType = text.json; path = 4.json; sourceTree = "<group>"; };
		4FBA2F90282D73E90060C7EA /* 1.json */ = {isa = PBXFileReference; fileEncoding = 4; lastKnownFileType = text.json; path = 1.json; sourceTree = "<group>"; };
		4FBA2F91282D73EA0060C7EA /* 5.json */ = {isa = PBXFileReference; fileEncoding = 4; lastKnownFileType = text.json; path = 5.json; sourceTree = "<group>"; };
		4FBA2F92282D73EB0060C7EA /* 3.json */ = {isa = PBXFileReference; fileEncoding = 4; lastKnownFileType = text.json; path = 3.json; sourceTree = "<group>"; };
		4FF0DAEA28329991007A11DF /* WebKit.framework */ = {isa = PBXFileReference; lastKnownFileType = wrapper.framework; name = WebKit.framework; path = System/Library/Frameworks/WebKit.framework; sourceTree = SDKROOT; };
		C896ADD57411FA5A4E0D5CD7 /* Pods-ToDoORN.release.xcconfig */ = {isa = PBXFileReference; includeInIndex = 1; lastKnownFileType = text.xcconfig; name = "Pods-ToDoORN.release.xcconfig"; path = "Target Support Files/Pods-ToDoORN/Pods-ToDoORN.release.xcconfig"; sourceTree = "<group>"; };
		D2FC8BB7ED26E9FCBF7B6152 /* Pods-ToDoORN.debug.xcconfig */ = {isa = PBXFileReference; includeInIndex = 1; lastKnownFileType = text.xcconfig; name = "Pods-ToDoORN.debug.xcconfig"; path = "Target Support Files/Pods-ToDoORN/Pods-ToDoORN.debug.xcconfig"; sourceTree = "<group>"; };
/* End PBXFileReference section */

/* Begin PBXFrameworksBuildPhase section */
		4F432430282D3E0A0010920A /* Frameworks */ = {
			isa = PBXFrameworksBuildPhase;
			buildActionMask = 2147483647;
			files = (
				4FF0DAEB28329991007A11DF /* WebKit.framework in Frameworks */,
				C27A1EC26BCEF10F0FCA4BFE /* Pods_ToDoORN.framework in Frameworks */,
			);
			runOnlyForDeploymentPostprocessing = 0;
		};
/* End PBXFrameworksBuildPhase section */

/* Begin PBXGroup section */
		4F0358E6282D429200436AF6 /* View */ = {
			isa = PBXGroup;
			children = (
				4F43243C282D3E0A0010920A /* Main.storyboard */,
			);
			path = View;
			sourceTree = "<group>";
		};
		4F0358E7282D431300436AF6 /* Model */ = {
			isa = PBXGroup;
			children = (
				4F47CDE028313705001B4161 /* NWModel.swift */,
				4F77B9A728377FDD0007A03B /* CalendarExtention.swift */,
				4F89F934283DE56D00F698C2 /* TodoModel.swift */,
				4F89F93C283DFB5300F698C2 /* TodoAddModel.swift */,
			);
			path = Model;
			sourceTree = "<group>";
		};
		4F0358E8282D432400436AF6 /* Controller */ = {
			isa = PBXGroup;
			children = (
				4F47CDDC28310BE0001B4161 /* NewsListViewController.swift */,
				4F47CDDE28310BFB001B4161 /* NewsDetailViewController.swift */,
				4FB4682C283549CA005BE3F1 /* ViewController.swift */,
				4F89F932283DE4A700F698C2 /* TodoORNViewController.swift */,
				4F89F93A283DF8B200F698C2 /* TodoAddViewController.swift */,
			);
			path = Controller;
			sourceTree = "<group>";
		};
		4F43242A282D3E0A0010920A = {
			isa = PBXGroup;
			children = (
				4F432435282D3E0A0010920A /* ToDoORN */,
				4F432434282D3E0A0010920A /* Products */,
				ED4691D44075F1CFEF73D34E /* Pods */,
				F1A6F583FC17614E8942168C /* Frameworks */,
			);
			sourceTree = "<group>";
		};
		4F432434282D3E0A0010920A /* Products */ = {
			isa = PBXGroup;
			children = (
				4F432433282D3E0A0010920A /* ToDoORN.app */,
			);
			name = Products;
			sourceTree = "<group>";
		};
		4F432435282D3E0A0010920A /* ToDoORN */ = {
			isa = PBXGroup;
			children = (
				4F89F93E283F0A5D00F698C2 /* ToDoORN.entitlements */,
				4F0358E7282D431300436AF6 /* Model */,
				4F432436282D3E0A0010920A /* AppDelegate.swift */,
				4F432438282D3E0A0010920A /* SceneDelegate.swift */,
				4F0358E6282D429200436AF6 /* View */,
				4F0358E8282D432400436AF6 /* Controller */,
				4F432442282D3E0C0010920A /* Assets.xcassets */,
				4F432444282D3E0C0010920A /* LaunchScreen.storyboard */,
				4F432447282D3E0C0010920A /* Info.plist */,
				4FBA2F90282D73E90060C7EA /* 1.json */,
				4FBA2F8E282D73E80060C7EA /* 2.json */,
				4FBA2F92282D73EB0060C7EA /* 3.json */,
				4FBA2F8F282D73E80060C7EA /* 4.json */,
				4FBA2F91282D73EA0060C7EA /* 5.json */,
				4F43243F282D3E0A0010920A /* ToDoORN.xcdatamodeld */,
			);
			path = ToDoORN;
			sourceTree = "<group>";
		};
		ED4691D44075F1CFEF73D34E /* Pods */ = {
			isa = PBXGroup;
			children = (
				D2FC8BB7ED26E9FCBF7B6152 /* Pods-ToDoORN.debug.xcconfig */,
				C896ADD57411FA5A4E0D5CD7 /* Pods-ToDoORN.release.xcconfig */,
			);
			path = Pods;
			sourceTree = "<group>";
		};
		F1A6F583FC17614E8942168C /* Frameworks */ = {
			isa = PBXGroup;
			children = (
				4FF0DAEA28329991007A11DF /* WebKit.framework */,
				280D50BA3E90DD3BBAC5119C /* Pods_ToDoORN.framework */,
			);
			name = Frameworks;
			sourceTree = "<group>";
		};
/* End PBXGroup section */

/* Begin PBXNativeTarget section */
		4F432432282D3E0A0010920A /* ToDoORN */ = {
			isa = PBXNativeTarget;
			buildConfigurationList = 4F43244A282D3E0C0010920A /* Build configuration list for PBXNativeTarget "ToDoORN" */;
			buildPhases = (
				96619D6B4098E4DAA8A0AC23 /* [CP] Check Pods Manifest.lock */,
				4F43242F282D3E0A0010920A /* Sources */,
				4F432430282D3E0A0010920A /* Frameworks */,
				4F432431282D3E0A0010920A /* Resources */,
				0EFA0BE31F35B3B3DC5240C0 /* [CP] Embed Pods Frameworks */,
			);
			buildRules = (
			);
			dependencies = (
			);
			name = ToDoORN;
			productName = ToDoORN;
			productReference = 4F432433282D3E0A0010920A /* ToDoORN.app */;
			productType = "com.apple.product-type.application";
		};
/* End PBXNativeTarget section */

/* Begin PBXProject section */
		4F43242B282D3E0A0010920A /* Project object */ = {
			isa = PBXProject;
			attributes = {
				BuildIndependentTargetsInParallel = 1;
				LastSwiftUpdateCheck = 1330;
				LastUpgradeCheck = 1330;
				TargetAttributes = {
					4F432432282D3E0A0010920A = {
						CreatedOnToolsVersion = 13.3.1;
					};
				};
			};
			buildConfigurationList = 4F43242E282D3E0A0010920A /* Build configuration list for PBXProject "ToDoORN" */;
			compatibilityVersion = "Xcode 13.0";
			developmentRegion = en;
			hasScannedForEncodings = 0;
			knownRegions = (
				en,
				Base,
				ja,
			);
			mainGroup = 4F43242A282D3E0A0010920A;
			productRefGroup = 4F432434282D3E0A0010920A /* Products */;
			projectDirPath = "";
			projectRoot = "";
			targets = (
				4F432432282D3E0A0010920A /* ToDoORN */,
			);
		};
/* End PBXProject section */

/* Begin PBXResourcesBuildPhase section */
		4F432431282D3E0A0010920A /* Resources */ = {
			isa = PBXResourcesBuildPhase;
			buildActionMask = 2147483647;
			files = (
				4FBA2F94282D73EB0060C7EA /* 4.json in Resources */,
				4FBA2F97282D73EB0060C7EA /* 3.json in Resources */,
				4FBA2F96282D73EB0060C7EA /* 5.json in Resources */,
				4FBA2F95282D73EB0060C7EA /* 1.json in Resources */,
				4FBA2F93282D73EB0060C7EA /* 2.json in Resources */,
				4F432446282D3E0C0010920A /* LaunchScreen.storyboard in Resources */,
				4F432443282D3E0C0010920A /* Assets.xcassets in Resources */,
				4F43243E282D3E0A0010920A /* Main.storyboard in Resources */,
			);
			runOnlyForDeploymentPostprocessing = 0;
		};
/* End PBXResourcesBuildPhase section */

/* Begin PBXShellScriptBuildPhase section */
		0EFA0BE31F35B3B3DC5240C0 /* [CP] Embed Pods Frameworks */ = {
			isa = PBXShellScriptBuildPhase;
			buildActionMask = 2147483647;
			files = (
			);
			inputFileListPaths = (
				"${PODS_ROOT}/Target Support Files/Pods-ToDoORN/Pods-ToDoORN-frameworks-${CONFIGURATION}-input-files.xcfilelist",
			);
			name = "[CP] Embed Pods Frameworks";
			outputFileListPaths = (
				"${PODS_ROOT}/Target Support Files/Pods-ToDoORN/Pods-ToDoORN-frameworks-${CONFIGURATION}-output-files.xcfilelist",
			);
			runOnlyForDeploymentPostprocessing = 0;
			shellPath = /bin/sh;
			shellScript = "\"${PODS_ROOT}/Target Support Files/Pods-ToDoORN/Pods-ToDoORN-frameworks.sh\"\n";
			showEnvVarsInLog = 0;
		};
		96619D6B4098E4DAA8A0AC23 /* [CP] Check Pods Manifest.lock */ = {
			isa = PBXShellScriptBuildPhase;
			buildActionMask = 2147483647;
			files = (
			);
			inputFileListPaths = (
			);
			inputPaths = (
				"${PODS_PODFILE_DIR_PATH}/Podfile.lock",
				"${PODS_ROOT}/Manifest.lock",
			);
			name = "[CP] Check Pods Manifest.lock";
			outputFileListPaths = (
			);
			outputPaths = (
				"$(DERIVED_FILE_DIR)/Pods-ToDoORN-checkManifestLockResult.txt",
			);
			runOnlyForDeploymentPostprocessing = 0;
			shellPath = /bin/sh;
			shellScript = "diff \"${PODS_PODFILE_DIR_PATH}/Podfile.lock\" \"${PODS_ROOT}/Manifest.lock\" > /dev/null\nif [ $? != 0 ] ; then\n    # print error to STDERR\n    echo \"error: The sandbox is not in sync with the Podfile.lock. Run 'pod install' or update your CocoaPods installation.\" >&2\n    exit 1\nfi\n# This output is used by Xcode 'outputs' to avoid re-running this script phase.\necho \"SUCCESS\" > \"${SCRIPT_OUTPUT_FILE_0}\"\n";
			showEnvVarsInLog = 0;
		};
/* End PBXShellScriptBuildPhase section */

/* Begin PBXSourcesBuildPhase section */
		4F43242F282D3E0A0010920A /* Sources */ = {
			isa = PBXSourcesBuildPhase;
			buildActionMask = 2147483647;
			files = (
				4F47CDE128313705001B4161 /* NWModel.swift in Sources */,
				4F89F935283DE56D00F698C2 /* TodoModel.swift in Sources */,
				4F432441282D3E0A0010920A /* ToDoORN.xcdatamodeld in Sources */,
				4F89F933283DE4A700F698C2 /* TodoORNViewController.swift in Sources */,
				4F89F93B283DF8B200F698C2 /* TodoAddViewController.swift in Sources */,
				4F432437282D3E0A0010920A /* AppDelegate.swift in Sources */,
				4F89F93D283DFB5300F698C2 /* TodoAddModel.swift in Sources */,
				4FB4682D283549CB005BE3F1 /* ViewController.swift in Sources */,
				4F77B9A828377FDD0007A03B /* CalendarExtention.swift in Sources */,
				4F432439282D3E0A0010920A /* SceneDelegate.swift in Sources */,
				4F47CDDF28310BFB001B4161 /* NewsDetailViewController.swift in Sources */,
				4F47CDDD28310BE1001B4161 /* NewsListViewController.swift in Sources */,
			);
			runOnlyForDeploymentPostprocessing = 0;
		};
/* End PBXSourcesBuildPhase section */

/* Begin PBXVariantGroup section */
		4F43243C282D3E0A0010920A /* Main.storyboard */ = {
			isa = PBXVariantGroup;
			children = (
				4F43243D282D3E0A0010920A /* Base */,
				4F9F77A22844F4EF0064F4D3 /* ja */,
			);
			name = Main.storyboard;
			sourceTree = "<group>";
		};
		4F432444282D3E0C0010920A /* LaunchScreen.storyboard */ = {
			isa = PBXVariantGroup;
			children = (
				4F432445282D3E0C0010920A /* Base */,
				4F9F77A32844F4EF0064F4D3 /* ja */,
			);
			name = LaunchScreen.storyboard;
			sourceTree = "<group>";
		};
/* End PBXVariantGroup section */

/* Begin XCBuildConfiguration section */
		4F432448282D3E0C0010920A /* Debug */ = {
			isa = XCBuildConfiguration;
			buildSettings = {
				ALWAYS_SEARCH_USER_PATHS = NO;
				CLANG_ANALYZER_LOCALIZABILITY_NONLOCALIZED = YES;
				CLANG_ANALYZER_NONNULL = YES;
				CLANG_ANALYZER_NUMBER_OBJECT_CONVERSION = YES_AGGRESSIVE;
				CLANG_CXX_LANGUAGE_STANDARD = "gnu++17";
				CLANG_ENABLE_MODULES = YES;
				CLANG_ENABLE_OBJC_ARC = YES;
				CLANG_ENABLE_OBJC_WEAK = YES;
				CLANG_WARN_BLOCK_CAPTURE_AUTORELEASING = YES;
				CLANG_WARN_BOOL_CONVERSION = YES;
				CLANG_WARN_COMMA = YES;
				CLANG_WARN_CONSTANT_CONVERSION = YES;
				CLANG_WARN_DEPRECATED_OBJC_IMPLEMENTATIONS = YES;
				CLANG_WARN_DIRECT_OBJC_ISA_USAGE = YES_ERROR;
				CLANG_WARN_DOCUMENTATION_COMMENTS = YES;
				CLANG_WARN_EMPTY_BODY = YES;
				CLANG_WARN_ENUM_CONVERSION = YES;
				CLANG_WARN_INFINITE_RECURSION = YES;
				CLANG_WARN_INT_CONVERSION = YES;
				CLANG_WARN_NON_LITERAL_NULL_CONVERSION = YES;
				CLANG_WARN_OBJC_IMPLICIT_RETAIN_SELF = YES;
				CLANG_WARN_OBJC_LITERAL_CONVERSION = YES;
				CLANG_WARN_OBJC_ROOT_CLASS = YES_ERROR;
				CLANG_WARN_QUOTED_INCLUDE_IN_FRAMEWORK_HEADER = YES;
				CLANG_WARN_RANGE_LOOP_ANALYSIS = YES;
				CLANG_WARN_STRICT_PROTOTYPES = YES;
				CLANG_WARN_SUSPICIOUS_MOVE = YES;
				CLANG_WARN_UNGUARDED_AVAILABILITY = YES_AGGRESSIVE;
				CLANG_WARN_UNREACHABLE_CODE = YES;
				CLANG_WARN__DUPLICATE_METHOD_MATCH = YES;
				COPY_PHASE_STRIP = NO;
				DEBUG_INFORMATION_FORMAT = dwarf;
				ENABLE_STRICT_OBJC_MSGSEND = YES;
				ENABLE_TESTABILITY = YES;
				GCC_C_LANGUAGE_STANDARD = gnu11;
				GCC_DYNAMIC_NO_PIC = NO;
				GCC_NO_COMMON_BLOCKS = YES;
				GCC_OPTIMIZATION_LEVEL = 0;
				GCC_PREPROCESSOR_DEFINITIONS = (
					"DEBUG=1",
					"$(inherited)",
				);
				GCC_WARN_64_TO_32_BIT_CONVERSION = YES;
				GCC_WARN_ABOUT_RETURN_TYPE = YES_ERROR;
				GCC_WARN_UNDECLARED_SELECTOR = YES;
				GCC_WARN_UNINITIALIZED_AUTOS = YES_AGGRESSIVE;
				GCC_WARN_UNUSED_FUNCTION = YES;
				GCC_WARN_UNUSED_VARIABLE = YES;
				IPHONEOS_DEPLOYMENT_TARGET = 15.5;
				MTL_ENABLE_DEBUG_INFO = INCLUDE_SOURCE;
				MTL_FAST_MATH = YES;
				ONLY_ACTIVE_ARCH = YES;
				SDKROOT = iphoneos;
				SWIFT_ACTIVE_COMPILATION_CONDITIONS = DEBUG;
				SWIFT_OPTIMIZATION_LEVEL = "-Onone";
			};
			name = Debug;
		};
		4F432449282D3E0C0010920A /* Release */ = {
			isa = XCBuildConfiguration;
			buildSettings = {
				ALWAYS_SEARCH_USER_PATHS = NO;
				CLANG_ANALYZER_LOCALIZABILITY_NONLOCALIZED = YES;
				CLANG_ANALYZER_NONNULL = YES;
				CLANG_ANALYZER_NUMBER_OBJECT_CONVERSION = YES_AGGRESSIVE;
				CLANG_CXX_LANGUAGE_STANDARD = "gnu++17";
				CLANG_ENABLE_MODULES = YES;
				CLANG_ENABLE_OBJC_ARC = YES;
				CLANG_ENABLE_OBJC_WEAK = YES;
				CLANG_WARN_BLOCK_CAPTURE_AUTORELEASING = YES;
				CLANG_WARN_BOOL_CONVERSION = YES;
				CLANG_WARN_COMMA = YES;
				CLANG_WARN_CONSTANT_CONVERSION = YES;
				CLANG_WARN_DEPRECATED_OBJC_IMPLEMENTATIONS = YES;
				CLANG_WARN_DIRECT_OBJC_ISA_USAGE = YES_ERROR;
				CLANG_WARN_DOCUMENTATION_COMMENTS = YES;
				CLANG_WARN_EMPTY_BODY = YES;
				CLANG_WARN_ENUM_CONVERSION = YES;
				CLANG_WARN_INFINITE_RECURSION = YES;
				CLANG_WARN_INT_CONVERSION = YES;
				CLANG_WARN_NON_LITERAL_NULL_CONVERSION = YES;
				CLANG_WARN_OBJC_IMPLICIT_RETAIN_SELF = YES;
				CLANG_WARN_OBJC_LITERAL_CONVERSION = YES;
				CLANG_WARN_OBJC_ROOT_CLASS = YES_ERROR;
				CLANG_WARN_QUOTED_INCLUDE_IN_FRAMEWORK_HEADER = YES;
				CLANG_WARN_RANGE_LOOP_ANALYSIS = YES;
				CLANG_WARN_STRICT_PROTOTYPES = YES;
				CLANG_WARN_SUSPICIOUS_MOVE = YES;
				CLANG_WARN_UNGUARDED_AVAILABILITY = YES_AGGRESSIVE;
				CLANG_WARN_UNREACHABLE_CODE = YES;
				CLANG_WARN__DUPLICATE_METHOD_MATCH = YES;
				COPY_PHASE_STRIP = NO;
				DEBUG_INFORMATION_FORMAT = "dwarf-with-dsym";
				ENABLE_NS_ASSERTIONS = NO;
				ENABLE_STRICT_OBJC_MSGSEND = YES;
				GCC_C_LANGUAGE_STANDARD = gnu11;
				GCC_NO_COMMON_BLOCKS = YES;
				GCC_WARN_64_TO_32_BIT_CONVERSION = YES;
				GCC_WARN_ABOUT_RETURN_TYPE = YES_ERROR;
				GCC_WARN_UNDECLARED_SELECTOR = YES;
				GCC_WARN_UNINITIALIZED_AUTOS = YES_AGGRESSIVE;
				GCC_WARN_UNUSED_FUNCTION = YES;
				GCC_WARN_UNUSED_VARIABLE = YES;
				IPHONEOS_DEPLOYMENT_TARGET = 15.5;
				MTL_ENABLE_DEBUG_INFO = NO;
				MTL_FAST_MATH = YES;
				SDKROOT = iphoneos;
				SWIFT_COMPILATION_MODE = wholemodule;
				SWIFT_OPTIMIZATION_LEVEL = "-O";
				VALIDATE_PRODUCT = YES;
			};
			name = Release;
		};
		4F43244B282D3E0C0010920A /* Debug */ = {
			isa = XCBuildConfiguration;
			baseConfigurationReference = D2FC8BB7ED26E9FCBF7B6152 /* Pods-ToDoORN.debug.xcconfig */;
			buildSettings = {
				ASSETCATALOG_COMPILER_APPICON_NAME = AppIcon;
				ASSETCATALOG_COMPILER_GLOBAL_ACCENT_COLOR_NAME = AccentColor;
				CODE_SIGN_ENTITLEMENTS = ToDoORN/ToDoORN.entitlements;
				CODE_SIGN_STYLE = Automatic;
				CURRENT_PROJECT_VERSION = 1;
				DEVELOPMENT_TEAM = MG6697FX3H;
				GENERATE_INFOPLIST_FILE = YES;
				INFOPLIST_FILE = ToDoORN/Info.plist;
				INFOPLIST_KEY_NSCalendarsUsageDescription = "カレンダーのアクセス許可を頂きたいです。";
				INFOPLIST_KEY_UIApplicationSupportsIndirectInputEvents = YES;
				INFOPLIST_KEY_UILaunchStoryboardName = LaunchScreen;
				INFOPLIST_KEY_UIMainStoryboardFile = Main;
				INFOPLIST_KEY_UISupportedInterfaceOrientations_iPad = "UIInterfaceOrientationPortrait UIInterfaceOrientationPortraitUpsideDown UIInterfaceOrientationLandscapeLeft UIInterfaceOrientationLandscapeRight";
				INFOPLIST_KEY_UISupportedInterfaceOrientations_iPhone = "UIInterfaceOrientationPortrait UIInterfaceOrientationLandscapeLeft UIInterfaceOrientationLandscapeRight";
				LD_RUNPATH_SEARCH_PATHS = (
					"$(inherited)",
					"@executable_path/Frameworks",
				);
				LIBRARY_SEARCH_PATHS = (
					"$(inherited)",
					"\"${DT_TOOLCHAIN_DIR}/usr/lib/swift/${PLATFORM_NAME}\"/**",
					"\"${PODS_XCFRAMEWORKS_BUILD_DIR}/Realm\"/**",
					/usr/lib/swift,
				);
				MARKETING_VERSION = 1.0;
				PRODUCT_BUNDLE_IDENTIFIER = Sakoa7o73.ToDoORN;
				PRODUCT_NAME = "$(TARGET_NAME)";
				SWIFT_EMIT_LOC_STRINGS = YES;
				SWIFT_VERSION = 5.0;
				TARGETED_DEVICE_FAMILY = 1;
			};
			name = Debug;
		};
		4F43244C282D3E0C0010920A /* Release */ = {
			isa = XCBuildConfiguration;
			baseConfigurationReference = C896ADD57411FA5A4E0D5CD7 /* Pods-ToDoORN.release.xcconfig */;
			buildSettings = {
				ASSETCATALOG_COMPILER_APPICON_NAME = AppIcon;
				ASSETCATALOG_COMPILER_GLOBAL_ACCENT_COLOR_NAME = AccentColor;
				CODE_SIGN_ENTITLEMENTS = ToDoORN/ToDoORN.entitlements;
				CODE_SIGN_STYLE = Automatic;
				CURRENT_PROJECT_VERSION = 1;
				DEVELOPMENT_TEAM = MG6697FX3H;
				GENERATE_INFOPLIST_FILE = YES;
				INFOPLIST_FILE = ToDoORN/Info.plist;
				INFOPLIST_KEY_NSCalendarsUsageDescription = "カレンダーのアクセス許可を頂きたいです。";
				INFOPLIST_KEY_UIApplicationSupportsIndirectInputEvents = YES;
				INFOPLIST_KEY_UILaunchStoryboardName = LaunchScreen;
				INFOPLIST_KEY_UIMainStoryboardFile = Main;
				INFOPLIST_KEY_UISupportedInterfaceOrientations_iPad = "UIInterfaceOrientationPortrait UIInterfaceOrientationPortraitUpsideDown UIInterfaceOrientationLandscapeLeft UIInterfaceOrientationLandscapeRight";
				INFOPLIST_KEY_UISupportedInterfaceOrientations_iPhone = "UIInterfaceOrientationPortrait UIInterfaceOrientationLandscapeLeft UIInterfaceOrientationLandscapeRight";
				LD_RUNPATH_SEARCH_PATHS = (
					"$(inherited)",
					"@executable_path/Frameworks",
				);
				LIBRARY_SEARCH_PATHS = (
					"$(inherited)",
					"\"${DT_TOOLCHAIN_DIR}/usr/lib/swift/${PLATFORM_NAME}\"/**",
					"\"${PODS_XCFRAMEWORKS_BUILD_DIR}/Realm\"/**",
					/usr/lib/swift,
				);
				MARKETING_VERSION = 1.0;
				PRODUCT_BUNDLE_IDENTIFIER = Sakoa7o73.ToDoORN;
				PRODUCT_NAME = "$(TARGET_NAME)";
				SWIFT_EMIT_LOC_STRINGS = YES;
				SWIFT_VERSION = 5.0;
				TARGETED_DEVICE_FAMILY = 1;
			};
			name = Release;
		};
/* End XCBuildConfiguration section */

/* Begin XCConfigurationList section */
		4F43242E282D3E0A0010920A /* Build configuration list for PBXProject "ToDoORN" */ = {
			isa = XCConfigurationList;
			buildConfigurations = (
				4F432448282D3E0C0010920A /* Debug */,
				4F432449282D3E0C0010920A /* Release */,
			);
			defaultConfigurationIsVisible = 0;
			defaultConfigurationName = Release;
		};
		4F43244A282D3E0C0010920A /* Build configuration list for PBXNativeTarget "ToDoORN" */ = {
			isa = XCConfigurationList;
			buildConfigurations = (
				4F43244B282D3E0C0010920A /* Debug */,
				4F43244C282D3E0C0010920A /* Release */,
			);
			defaultConfigurationIsVisible = 0;
			defaultConfigurationName = Release;
		};
/* End XCConfigurationList section */

/* Begin XCVersionGroup section */
		4F43243F282D3E0A0010920A /* ToDoORN.xcdatamodeld */ = {
			isa = XCVersionGroup;
			children = (
				4F432440282D3E0A0010920A /* ToDoORN.xcdatamodel */,
			);
			currentVersion = 4F432440282D3E0A0010920A /* ToDoORN.xcdatamodel */;
			path = ToDoORN.xcdatamodeld;
			sourceTree = "<group>";
			versionGroupType = wrapper.xcdatamodel;
		};
/* End XCVersionGroup section */
	};
	rootObject = 4F43242B282D3E0A0010920A /* Project object */;
}
